
Microsoft Visual Studio Solution File, Format Version 12.00
Project("{FAE04EC0-301F-11D3-BF4B-00C04F79EFBC}") = "QRCodeGen", "QRCodeGen\QRCodeGen.csproj", "{483DF2D1-FBA0-4E25-BE51-6A6A37C213CE}"
EndProject
Global
	GlobalSection(SolutionConfigurationPlatforms) = preSolution
		Debug|Any CPU = Debug|Any CPU
		Release|Any CPU = Release|Any CPU
	EndGlobalSection
	GlobalSection(ProjectConfigurationPlatforms) = postSolution
		{483DF2D1-FBA0-4E25-BE51-6A6A37C213CE}.Debug|Any CPU.ActiveCfg = Debug|Any CPU
		{483DF2D1-FBA0-4E25-BE51-6A6A37C213CE}.Debug|Any CPU.Build.0 = Debug|Any CPU
		{483DF2D1-FBA0-4E25-BE51-6A6A37C213CE}.Release|Any CPU.ActiveCfg = Release|Any CPU
		{483DF2D1-FBA0-4E25-BE51-6A6A37C213CE}.Release|Any CPU.Build.0 = Release|Any CPU
	EndGlobalSection
EndGlobal
